schema: '2.0'
stages:
  load_data:
    cmd: python src/load_data.py --config=params.yaml
    deps:
    - path: data_given/winequality.csv
      md5: ccc8d3507eb151f53f760d36abdef888
      size: 91998
    - path: src/get_data.py
      md5: 8e89148141e7b4b1a4957839ec3304d1
      size: 727
    - path: src/load_data.py
      md5: a0b63b69bb4cb96efea05c05328e8a03
      size: 663
    outs:
    - path: data/raw/winequality.csv
      md5: d98e8f2eca228c11c4de1cc96866a54d
      size: 91998
      isexec: true
